
Microsoft Visual Studio Solution File, Format Version 12.00
# Visual Studio Version 17
VisualStudioVersion = 17.0.31903.59
MinimumVisualStudioVersion = 10.0.40219.1
Project("{2150E333-8FDC-42A3-9474-1A3956D46DE8}") = "src", "src", "{827E0CD3-B72D-47B6-A68D-7590B98EB39B}"
EndProject
Project("{FAE04EC0-301F-11D3-BF4B-00C04F79EFBC}") = "LabControl.Shared", "src\LabControl.Shared\LabControl.Shared.csproj", "{66310EDB-79C8-4391-BF5E-21C9053FB159}"
EndProject
Project("{FAE04EC0-301F-11D3-BF4B-00C04F79EFBC}") = "LabControl.Console", "src\LabControl.Console\LabControl.Console.csproj", "{4DAF6A91-CD82-4313-8C70-9EC680152E92}"
EndProject
Project("{FAE04EC0-301F-11D3-BF4B-00C04F79EFBC}") = "LabControl.FakeAgent", "src\LabControl.FakeAgent\LabControl.FakeAgent.csproj", "{A01DDB69-11FB-42D2-8A9E-1985BA9E3406}"
EndProject
Project("{FAE04EC0-301F-11D3-BF4B-00C04F79EFBC}") = "LabControl.Agent", "src\LabControl.Agent\LabControl.Agent.csproj", "{D5BB72FA-5B0E-4F20-98DB-7EB356186AF4}"
EndProject
Project("{FAE04EC0-301F-11D3-BF4B-00C04F79EFBC}") = "LabControl.Agent.Session", "src\LabControl.Agent.Session\LabControl.Agent.Session.csproj", "{97F27ACE-B921-4F20-8136-16F8E52915A2}"
EndProject
Project("{FAE04EC0-301F-11D3-BF4B-00C04F79EFBC}") = "LabControl.Setup", "src\LabControl.Setup\LabControl.Setup.csproj", "{752A9320-B395-4E7D-9A0E-888F69D90DE6}"
EndProject
Project("{2150E333-8FDC-42A3-9474-1A3956D46DE8}") = "tests", "tests", "{0AB3BF05-4346-4AA6-1389-037BE0695223}"
EndProject
Project("{FAE04EC0-301F-11D3-BF4B-00C04F79EFBC}") = "LabControl.Shared.Tests", "tests\LabControl.Shared.Tests\LabControl.Shared.Tests.csproj", "{0733336C-09C8-47AC-B862-850AC5DE8986}"
EndProject
Global
	GlobalSection(SolutionConfigurationPlatforms) = preSolution
		Debug|Any CPU = Debug|Any CPU
		Debug|x64 = Debug|x64
		Debug|x86 = Debug|x86
		Release|Any CPU = Release|Any CPU
		Release|x64 = Release|x64
		Release|x86 = Release|x86
	EndGlobalSection
	GlobalSection(ProjectConfigurationPlatforms) = postSolution
		{66310EDB-79C8-4391-BF5E-21C9053FB159}.Debug|Any CPU.ActiveCfg = Debug|Any CPU
		{66310EDB-79C8-4391-BF5E-21C9053FB159}.Debug|Any CPU.Build.0 = Debug|Any CPU
		{66310EDB-79C8-4391-BF5E-21C9053FB159}.Debug|x64.ActiveCfg = Debug|Any CPU
		{66310EDB-79C8-4391-BF5E-21C9053FB159}.Debug|x64.Build.0 = Debug|Any CPU
		{66310EDB-79C8-4391-BF5E-21C9053FB159}.Debug|x86.ActiveCfg = Debug|Any CPU
		{66310EDB-79C8-4391-BF5E-21C9053FB159}.Debug|x86.Build.0 = Debug|Any CPU
		{66310EDB-79C8-4391-BF5E-21C9053FB159}.Release|Any CPU.ActiveCfg = Release|Any CPU
		{66310EDB-79C8-4391-BF5E-21C9053FB159}.Release|Any CPU.Build.0 = Release|Any CPU
		{66310EDB-79C8-4391-BF5E-21C9053FB159}.Release|x64.ActiveCfg = Release|Any CPU
		{66310EDB-79C8-4391-BF5E-21C9053FB159}.Release|x64.Build.0 = Release|Any CPU
		{66310EDB-79C8-4391-BF5E-21C9053FB159}.Release|x86.ActiveCfg = Release|Any CPU
		{66310EDB-79C8-4391-BF5E-21C9053FB159}.Release|x86.Build.0 = Release|Any CPU
		{4DAF6A91-CD82-4313-8C70-9EC680152E92}.Debug|Any CPU.ActiveCfg = Debug|Any CPU
		{4DAF6A91-CD82-4313-8C70-9EC680152E92}.Debug|Any CPU.Build.0 = Debug|Any CPU
		{4DAF6A91-CD82-4313-8C70-9EC680152E92}.Debug|x64.ActiveCfg = Debug|Any CPU
		{4DAF6A91-CD82-4313-8C70-9EC680152E92}.Debug|x64.Build.0 = Debug|Any CPU
		{4DAF6A91-CD82-4313-8C70-9EC680152E92}.Debug|x86.ActiveCfg = Debug|Any CPU
		{4DAF6A91-CD82-4313-8C70-9EC680152E92}.Debug|x86.Build.0 = Debug|Any CPU
		{4DAF6A91-CD82-4313-8C70-9EC680152E92}.Release|Any CPU.ActiveCfg = Release|Any CPU
		{4DAF6A91-CD82-4313-8C70-9EC680152E92}.Release|Any CPU.Build.0 = Release|Any CPU
		{4DAF6A91-CD82-4313-8C70-9EC680152E92}.Release|x64.ActiveCfg = Release|Any CPU
		{4DAF6A91-CD82-4313-8C70-9EC680152E92}.Release|x64.Build.0 = Release|Any CPU
		{4DAF6A91-CD82-4313-8C70-9EC680152E92}.Release|x86.ActiveCfg = Release|Any CPU
		{4DAF6A91-CD82-4313-8C70-9EC680152E92}.Release|x86.Build.0 = Release|Any CPU
		{A01DDB69-11FB-42D2-8A9E-1985BA9E3406}.Debug|Any CPU.ActiveCfg = Debug|Any CPU
		{A01DDB69-11FB-42D2-8A9E-1985BA9E3406}.Debug|Any CPU.Build.0 = Debug|Any CPU
		{A01DDB69-11FB-42D2-8A9E-1985BA9E3406}.Debug|x64.ActiveCfg = Debug|Any CPU
		{A01DDB69-11FB-42D2-8A9E-1985BA9E3406}.Debug|x64.Build.0 = Debug|Any CPU
		{A01DDB69-11FB-42D2-8A9E-1985BA9E3406}.Debug|x86.ActiveCfg = Debug|Any CPU
		{A01DDB69-11FB-42D2-8A9E-1985BA9E3406}.Debug|x86.Build.0 = Debug|Any CPU
		{A01DDB69-11FB-42D2-8A9E-1985BA9E3406}.Release|Any CPU.ActiveCfg = Release|Any CPU
		{A01DDB69-11FB-42D2-8A9E-1985BA9E3406}.Release|Any CPU.Build.0 = Release|Any CPU
		{A01DDB69-11FB-42D2-8A9E-1985BA9E3406}.Release|x64.ActiveCfg = Release|Any CPU
		{A01DDB69-11FB-42D2-8A9E-1985BA9E3406}.Release|x64.Build.0 = Release|Any CPU
		{A01DDB69-11FB-42D2-8A9E-1985BA9E3406}.Release|x86.ActiveCfg = Release|Any CPU
		{A01DDB69-11FB-42D2-8A9E-1985BA9E3406}.Release|x86.Build.0 = Release|Any CPU
		{D5BB72FA-5B0E-4F20-98DB-7EB356186AF4}.Debug|Any CPU.ActiveCfg = Debug|Any CPU
		{D5BB72FA-5B0E-4F20-98DB-7EB356186AF4}.Debug|Any CPU.Build.0 = Debug|Any CPU
		{D5BB72FA-5B0E-4F20-98DB-7EB356186AF4}.Debug|x64.ActiveCfg = Debug|Any CPU
		{D5BB72FA-5B0E-4F20-98DB-7EB356186AF4}.Debug|x64.Build.0 = Debug|Any CPU
		{D5BB72FA-5B0E-4F20-98DB-7EB356186AF4}.Debug|x86.ActiveCfg = Debug|Any CPU
		{D5BB72FA-5B0E-4F20-98DB-7EB356186AF4}.Debug|x86.Build.0 = Debug|Any CPU
		{D5BB72FA-5B0E-4F20-98DB-7EB356186AF4}.Release|Any CPU.ActiveCfg = Release|Any CPU
		{D5BB72FA-5B0E-4F20-98DB-7EB356186AF4}.Release|Any CPU.Build.0 = Release|Any CPU
		{D5BB72FA-5B0E-4F20-98DB-7EB356186AF4}.Release|x64.ActiveCfg = Release|Any CPU
		{D5BB72FA-5B0E-4F20-98DB-7EB356186AF4}.Release|x64.Build.0 = Release|Any CPU
		{D5BB72FA-5B0E-4F20-98DB-7EB356186AF4}.Release|x86.ActiveCfg = Release|Any CPU
		{D5BB72FA-5B0E-4F20-98DB-7EB356186AF4}.Release|x86.Build.0 = Release|Any CPU
		{97F27ACE-B921-4F20-8136-16F8E52915A2}.Debug|Any CPU.ActiveCfg = Debug|Any CPU
		{97F27ACE-B921-4F20-8136-16F8E52915A2}.Debug|Any CPU.Build.0 = Debug|Any CPU
		{97F27ACE-B921-4F20-8136-16F8E52915A2}.Debug|x64.ActiveCfg = Debug|Any CPU
		{97F27ACE-B921-4F20-8136-16F8E52915A2}.Debug|x64.Build.0 = Debug|Any CPU
		{97F27ACE-B921-4F20-8136-16F8E52915A2}.Debug|x86.ActiveCfg = Debug|Any CPU
		{97F27ACE-B921-4F20-8136-16F8E52915A2}.Debug|x86.Build.0 = Debug|Any CPU
		{97F27ACE-B921-4F20-8136-16F8E52915A2}.Release|Any CPU.ActiveCfg = Release|Any CPU
		{97F27ACE-B921-4F20-8136-16F8E52915A2}.Release|Any CPU.Build.0 = Release|Any CPU
		{97F27ACE-B921-4F20-8136-16F8E52915A2}.Release|x64.ActiveCfg = Release|Any CPU
		{97F27ACE-B921-4F20-8136-16F8E52915A2}.Release|x64.Build.0 = Release|Any CPU
		{97F27ACE-B921-4F20-8136-16F8E52915A2}.Release|x86.ActiveCfg = Release|Any CPU
		{97F27ACE-B921-4F20-8136-16F8E52915A2}.Release|x86.Build.0 = Release|Any CPU
		{752A9320-B395-4E7D-9A0E-888F69D90DE6}.Debug|Any CPU.ActiveCfg = Debug|Any CPU
		{752A9320-B395-4E7D-9A0E-888F69D90DE6}.Debug|Any CPU.Build.0 = Debug|Any CPU
		{752A9320-B395-4E7D-9A0E-888F69D90DE6}.Debug|x64.ActiveCfg = Debug|Any CPU
		{752A9320-B395-4E7D-9A0E-888F69D90DE6}.Debug|x64.Build.0 = Debug|Any CPU
		{752A9320-B395-4E7D-9A0E-888F69D90DE6}.Debug|x86.ActiveCfg = Debug|Any CPU
		{752A9320-B395-4E7D-9A0E-888F69D90DE6}.Debug|x86.Build.0 = Debug|Any CPU
		{752A9320-B395-4E7D-9A0E-888F69D90DE6}.Release|Any CPU.ActiveCfg = Release|Any CPU
		{752A9320-B395-4E7D-9A0E-888F69D90DE6}.Release|Any CPU.Build.0 = Release|Any CPU
		{752A9320-B395-4E7D-9A0E-888F69D90DE6}.Release|x64.ActiveCfg = Release|Any CPU
		{752A9320-B395-4E7D-9A0E-888F69D90DE6}.Release|x64.Build.0 = Release|Any CPU
		{752A9320-B395-4E7D-9A0E-888F69D90DE6}.Release|x86.ActiveCfg = Release|Any CPU
		{752A9320-B395-4E7D-9A0E-888F69D90DE6}.Release|x86.Build.0 = Release|Any CPU
		{0733336C-09C8-47AC-B862-850AC5DE8986}.Debug|Any CPU.ActiveCfg = Debug|Any CPU
		{0733336C-09C8-47AC-B862-850AC5DE8986}.Debug|Any CPU.Build.0 = Debug|Any CPU
		{0733336C-09C8-47AC-B862-850AC5DE8986}.Debug|x64.ActiveCfg = Debug|Any CPU
		{0733336C-09C8-47AC-B862-850AC5DE8986}.Debug|x64.Build.0 = Debug|Any CPU
		{0733336C-09C8-47AC-B862-850AC5DE8986}.Debug|x86.ActiveCfg = Debug|Any CPU
		{0733336C-09C8-47AC-B862-850AC5DE8986}.Debug|x86.Build.0 = Debug|Any CPU
		{0733336C-09C8-47AC-B862-850AC5DE8986}.Release|Any CPU.ActiveCfg = Release|Any CPU
		{0733336C-09C8-47AC-B862-850AC5DE8986}.Release|Any CPU.Build.0 = Release|Any CPU
		{0733336C-09C8-47AC-B862-850AC5DE8986}.Release|x64.ActiveCfg = Release|Any CPU
		{0733336C-09C8-47AC-B862-850AC5DE8986}.Release|x64.Build.0 = Release|Any CPU
		{0733336C-09C8-47AC-B862-850AC5DE8986}.Release|x86.ActiveCfg = Release|Any CPU
		{0733336C-09C8-47AC-B862-850AC5DE8986}.Release|x86.Build.0 = Release|Any CPU
	EndGlobalSection
	GlobalSection(SolutionProperties) = preSolution
		HideSolutionNode = FALSE
	EndGlobalSection
	GlobalSection(NestedProjects) = preSolution
		{66310EDB-79C8-4391-BF5E-21C9053FB159} = {827E0CD3-B72D-47B6-A68D-7590B98EB39B}
		{4DAF6A91-CD82-4313-8C70-9EC680152E92} = {827E0CD3-B72D-47B6-A68D-7590B98EB39B}
		{A01DDB69-11FB-42D2-8A9E-1985BA9E3406} = {827E0CD3-B72D-47B6-A68D-7590B98EB39B}
		{D5BB72FA-5B0E-4F20-98DB-7EB356186AF4} = {827E0CD3-B72D-47B6-A68D-7590B98EB39B}
		{97F27ACE-B921-4F20-8136-16F8E52915A2} = {827E0CD3-B72D-47B6-A68D-7590B98EB39B}
		{752A9320-B395-4E7D-9A0E-888F69D90DE6} = {827E0CD3-B72D-47B6-A68D-7590B98EB39B}
		{0733336C-09C8-47AC-B862-850AC5DE8986} = {0AB3BF05-4346-4AA6-1389-037BE0695223}
	EndGlobalSection
EndGlobal
